
Microsoft Visual Studio Solution File, Format Version 12.00
# Visual Studio 14
VisualStudioVersion = 14.0.24720.0
MinimumVisualStudioVersion = 10.0.40219.1
Project("{FAE04EC0-301F-11D3-BF4B-00C04F79EFBC}") = "AngularEntityExample", "AngularEntityExample\AngularEntityExample.csproj", "{292A3C60-5AE0-4C6A-9374-D3DE0D7154AB}"
EndProject
Global
	GlobalSection(SolutionConfigurationPlatforms) = preSolution
		Debug|Any CPU = Debug|Any CPU
		Release|Any CPU = Release|Any CPU
	EndGlobalSection
	GlobalSection(ProjectConfigurationPlatforms) = postSolution
		{292A3C60-5AE0-4C6A-9374-D3DE0D7154AB}.Debug|Any CPU.ActiveCfg = Debug|Any CPU
		{292A3C60-5AE0-4C6A-9374-D3DE0D7154AB}.Debug|Any CPU.Build.0 = Debug|Any CPU
		{292A3C60-5AE0-4C6A-9374-D3DE0D7154AB}.Release|Any CPU.ActiveCfg = Release|Any CPU
		{292A3C60-5AE0-4C6A-9374-D3DE0D7154AB}.Release|Any CPU.Build.0 = Release|Any CPU
	EndGlobalSection
	GlobalSection(SolutionProperties) = preSolution
		HideSolutionNode = FALSE
	EndGlobalSection
EndGlobal
